# THIS IS AN AUTOGENERATED FILE. DO NOT EDIT THIS FILE DIRECTLY.
# yarn lockfile v1


atom-languageclient@^0.6.4:
  version "0.6.7"
  resolved "https://registry.yarnpkg.com/atom-languageclient/-/atom-languageclient-0.6.7.tgz#d189c7f5c4cb225c02ebb177bf9e8dbf32a25af5"
  dependencies:
    vscode-jsonrpc "^3.4.1"

vscode-jsonrpc@^3.4.1:
  version "3.5.0"
  resolved "https://registry.yarnpkg.com/vscode-jsonrpc/-/vscode-jsonrpc-3.5.0.tgz#87239d9e166b2d7352245b8a813597804c1d63aa"
