# THIS IS AN AUTOGENERATED FILE. DO NOT EDIT THIS FILE DIRECTLY.
# yarn lockfile v1


atom-languageclient@^0.6.4:
  version "0.6.4"
  resolved "https://registry.yarnpkg.com/atom-languageclient/-/atom-languageclient-0.6.4.tgz#682079862827f29fb321cc28c8775439f61754a2"
  dependencies:
    vscode-jsonrpc "^3.3.1"

vscode-jsonrpc@^3.3.1:
  version "3.4.1"
  resolved "https://registry.yarnpkg.com/vscode-jsonrpc/-/vscode-jsonrpc-3.4.1.tgz#e2e0b9e121f71a2b5448058a34a3aef8376a5e91"
